// !$*UTF8*$!
{
	archiveVersion = 1;
	classes = {
	};
	objectVersion = 56;
	objects = {

/* Begin PBXBuildFile section */
		C492538929099BF50060FA63 /* AppDelegate.swift in Sources */ = {isa = PBXBuildFile; fileRef = C492538829099BF50060FA63 /* AppDelegate.swift */; };
		C492538B29099BF50060FA63 /* SceneDelegate.swift in Sources */ = {isa = PBXBuildFile; fileRef = C492538A29099BF50060FA63 /* SceneDelegate.swift */; };
		C492538D29099BF50060FA63 /* ViewController.swift in Sources */ = {isa = PBXBuildFile; fileRef = C492538C29099BF50060FA63 /* ViewController.swift */; };
		C492539029099BF50060FA63 /* Main.storyboard in Resources */ = {isa = PBXBuildFile; fileRef = C492538E29099BF50060FA63 /* Main.storyboard */; };
		C492539229099BF70060FA63 /* Assets.xcassets in Resources */ = {isa = PBXBuildFile; fileRef = C492539129099BF70060FA63 /* Assets.xcassets */; };
		C492539529099BF70060FA63 /* LaunchScreen.storyboard in Resources */ = {isa = PBXBuildFile; fileRef = C492539329099BF70060FA63 /* LaunchScreen.storyboard */; };
		C492539F2909A33A0060FA63 /* CustomTableViewCell.swift in Sources */ = {isa = PBXBuildFile; fileRef = C492539D2909A33A0060FA63 /* CustomTableViewCell.swift */; };
		C49253A02909A33A0060FA63 /* CustomTableViewCell.xib in Resources */ = {isa = PBXBuildFile; fileRef = C492539E2909A33A0060FA63 /* CustomTableViewCell.xib */; };
		C49253A32909AED70060FA63 /* brand.swift in Sources */ = {isa = PBXBuildFile; fileRef = C49253A22909AED70060FA63 /* brand.swift */; };
/* End PBXBuildFile section */

/* Begin PBXFileReference section */
		C492538529099BF50060FA63 /* tableViewSimples.app */ = {isa = PBXFileReference; explicitFileType = wrapper.application; includeInIndex = 0; path = tableViewSimples.app; sourceTree = BUILT_PRODUCTS_DIR; };
		C492538829099BF50060FA63 /* AppDelegate.swift */ = {isa = PBXFileReference; lastKnownFileType = sourcecode.swift; path = AppDelegate.swift; sourceTree = "<group>"; };
		C492538A29099BF50060FA63 /* SceneDelegate.swift */ = {isa = PBXFileReference; lastKnownFileType = sourcecode.swift; path = SceneDelegate.swift; sourceTree = "<group>"; };
		C492538C29099BF50060FA63 /* ViewController.swift */ = {isa = PBXFileReference; lastKnownFileType = sourcecode.swift; path = ViewController.swift; sourceTree = "<group>"; };
		C492538F29099BF50060FA63 /* Base */ = {isa = PBXFileReference; lastKnownFileType = file.storyboard; name = Base; path = Base.lproj/Main.storyboard; sourceTree = "<group>"; };
		C492539129099BF70060FA63 /* Assets.xcassets */ = {isa = PBXFileReference; lastKnownFileType = folder.assetcatalog; path = Assets.xcassets; sourceTree = "<group>"; };
		C492539429099BF70060FA63 /* Base */ = {isa = PBXFileReference; lastKnownFileType = file.storyboard; name = Base; path = Base.lproj/LaunchScreen.storyboard; sourceTree = "<group>"; };
		C492539629099BF70060FA63 /* Info.plist */ = {isa = PBXFileReference; lastKnownFileType = text.plist.xml; path = Info.plist; sourceTree = "<group>"; };
		C492539D2909A33A0060FA63 /* CustomTableViewCell.swift */ = {isa = PBXFileReference; lastKnownFileType = sourcecode.swift; path = CustomTableViewCell.swift; sourceTree = "<group>"; };
		C492539E2909A33A0060FA63 /* CustomTableViewCell.xib */ = {isa = PBXFileReference; lastKnownFileType = file.xib; path = CustomTableViewCell.xib; sourceTree = "<group>"; };
		C49253A22909AED70060FA63 /* brand.swift */ = {isa = PBXFileReference; lastKnownFileType = sourcecode.swift; path = brand.swift; sourceTree = "<group>"; };
/* End PBXFileReference section */

/* Begin PBXFrameworksBuildPhase section */
		C492538229099BF50060FA63 /* Frameworks */ = {
			isa = PBXFrameworksBuildPhase;
			buildActionMask = 2147483647;
			files = (
			);
			runOnlyForDeploymentPostprocessing = 0;
		};
/* End PBXFrameworksBuildPhase section */

/* Begin PBXGroup section */
		C492537C29099BF50060FA63 = {
			isa = PBXGroup;
			children = (
				C492538729099BF50060FA63 /* tableViewSimples */,
				C492538629099BF50060FA63 /* Products */,
			);
			sourceTree = "<group>";
		};
		C492538629099BF50060FA63 /* Products */ = {
			isa = PBXGroup;
			children = (
				C492538529099BF50060FA63 /* tableViewSimples.app */,
			);
			name = Products;
			sourceTree = "<group>";
		};
		C492538729099BF50060FA63 /* tableViewSimples */ = {
			isa = PBXGroup;
			children = (
				C49253A12909AE7C0060FA63 /* model */,
				C492539C2909A1D60060FA63 /* cell */,
				C492538829099BF50060FA63 /* AppDelegate.swift */,
				C492538A29099BF50060FA63 /* SceneDelegate.swift */,
				C492538C29099BF50060FA63 /* ViewController.swift */,
				C492538E29099BF50060FA63 /* Main.storyboard */,
				C492539129099BF70060FA63 /* Assets.xcassets */,
				C492539329099BF70060FA63 /* LaunchScreen.storyboard */,
				C492539629099BF70060FA63 /* Info.plist */,
			);
			path = tableViewSimples;
			sourceTree = "<group>";
		};
		C492539C2909A1D60060FA63 /* cell */ = {
			isa = PBXGroup;
			children = (
				C492539D2909A33A0060FA63 /* CustomTableViewCell.swift */,
				C492539E2909A33A0060FA63 /* CustomTableViewCell.xib */,
			);
			path = cell;
			sourceTree = "<group>";
		};
		C49253A12909AE7C0060FA63 /* model */ = {
			isa = PBXGroup;
			children = (
				C49253A22909AED70060FA63 /* brand.swift */,
			);
			path = model;
			sourceTree = "<group>";
		};
/* End PBXGroup section */

/* Begin PBXNativeTarget section */
		C492538429099BF50060FA63 /* tableViewSimples */ = {
			isa = PBXNativeTarget;
			buildConfigurationList = C492539929099BF70060FA63 /* Build configuration list for PBXNativeTarget "tableViewSimples" */;
			buildPhases = (
				C492538129099BF50060FA63 /* Sources */,
				C492538229099BF50060FA63 /* Frameworks */,
				C492538329099BF50060FA63 /* Resources */,
			);
			buildRules = (
			);
			dependencies = (
			);
			name = tableViewSimples;
			productName = tableViewSimples;
			productReference = C492538529099BF50060FA63 /* tableViewSimples.app */;
			productType = "com.apple.product-type.application";
		};
/* End PBXNativeTarget section */

/* Begin PBXProject section */
		C492537D29099BF50060FA63 /* Project object */ = {
			isa = PBXProject;
			attributes = {
				BuildIndependentTargetsInParallel = 1;
				LastSwiftUpdateCheck = 1400;
				LastUpgradeCheck = 1400;
				TargetAttributes = {
					C492538429099BF50060FA63 = {
						CreatedOnToolsVersion = 14.0;
					};
				};
			};
			buildConfigurationList = C492538029099BF50060FA63 /* Build configuration list for PBXProject "tableViewSimples" */;
			compatibilityVersion = "Xcode 14.0";
			developmentRegion = en;
			hasScannedForEncodings = 0;
			knownRegions = (
				en,
				Base,
			);
			mainGroup = C492537C29099BF50060FA63;
			productRefGroup = C492538629099BF50060FA63 /* Products */;
			projectDirPath = "";
			projectRoot = "";
			targets = (
				C492538429099BF50060FA63 /* tableViewSimples */,
			);
		};
/* End PBXProject section */

/* Begin PBXResourcesBuildPhase section */
		C492538329099BF50060FA63 /* Resources */ = {
			isa = PBXResourcesBuildPhase;
			buildActionMask = 2147483647;
			files = (
				C492539529099BF70060FA63 /* LaunchScreen.storyboard in Resources */,
				C492539229099BF70060FA63 /* Assets.xcassets in Resources */,
				C49253A02909A33A0060FA63 /* CustomTableViewCell.xib in Resources */,
				C492539029099BF50060FA63 /* Main.storyboard in Resources */,
			);
			runOnlyForDeploymentPostprocessing = 0;
		};
/* End PBXResourcesBuildPhase section */

/* Begin PBXSourcesBuildPhase section */
		C492538129099BF50060FA63 /* Sources */ = {
			isa = PBXSourcesBuildPhase;
			buildActionMask = 2147483647;
			files = (
				C492538D29099BF50060FA63 /* ViewController.swift in Sources */,
				C492538929099BF50060FA63 /* AppDelegate.swift in Sources */,
				C49253A32909AED70060FA63 /* brand.swift in Sources */,
				C492539F2909A33A0060FA63 /* CustomTableViewCell.swift in Sources */,
				C492538B29099BF50060FA63 /* SceneDelegate.swift in Sources */,
			);
			runOnlyForDeploymentPostprocessing = 0;
		};
/* End PBXSourcesBuildPhase section */

/* Begin PBXVariantGroup section */
		C492538E29099BF50060FA63 /* Main.storyboard */ = {
			isa = PBXVariantGroup;
			children = (
				C492538F29099BF50060FA63 /* Base */,
			);
			name = Main.storyboard;
			sourceTree = "<group>";
		};
		C492539329099BF70060FA63 /* LaunchScreen.storyboard */ = {
			isa = PBXVariantGroup;
			children = (
				C492539429099BF70060FA63 /* Base */,
			);
			name = LaunchScreen.storyboard;
			sourceTree = "<group>";
		};
/* End PBXVariantGroup section */

/* Begin XCBuildConfiguration section */
		C492539729099BF70060FA63 /* Debug */ = {
			isa = XCBuildConfiguration;
			buildSettings = {
				ALWAYS_SEARCH_USER_PATHS = NO;
				CLANG_ANALYZER_NONNULL = YES;
				CLANG_ANALYZER_NUMBER_OBJECT_CONVERSION = YES_AGGRESSIVE;
				CLANG_CXX_LANGUAGE_STANDARD = "gnu++20";
				CLANG_ENABLE_MODULES = YES;
				CLANG_ENABLE_OBJC_ARC = YES;
				CLANG_ENABLE_OBJC_WEAK = YES;
				CLANG_WARN_BLOCK_CAPTURE_AUTORELEASING = YES;
				CLANG_WARN_BOOL_CONVERSION = YES;
				CLANG_WARN_COMMA = YES;
				CLANG_WARN_CONSTANT_CONVERSION = YES;
				CLANG_WARN_DEPRECATED_OBJC_IMPLEMENTATIONS = YES;
				CLANG_WARN_DIRECT_OBJC_ISA_USAGE = YES_ERROR;
				CLANG_WARN_DOCUMENTATION_COMMENTS = YES;
				CLANG_WARN_EMPTY_BODY = YES;
				CLANG_WARN_ENUM_CONVERSION = YES;
				CLANG_WARN_INFINITE_RECURSION = YES;
				CLANG_WARN_INT_CONVERSION = YES;
				CLANG_WARN_NON_LITERAL_NULL_CONVERSION = YES;
				CLANG_WARN_OBJC_IMPLICIT_RETAIN_SELF = YES;
				CLANG_WARN_OBJC_LITERAL_CONVERSION = YES;
				CLANG_WARN_OBJC_ROOT_CLASS = YES_ERROR;
				CLANG_WARN_QUOTED_INCLUDE_IN_FRAMEWORK_HEADER = YES;
				CLANG_WARN_RANGE_LOOP_ANALYSIS = YES;
				CLANG_WARN_STRICT_PROTOTYPES = YES;
				CLANG_WARN_SUSPICIOUS_MOVE = YES;
				CLANG_WARN_UNGUARDED_AVAILABILITY = YES_AGGRESSIVE;
				CLANG_WARN_UNREACHABLE_CODE = YES;
				CLANG_WARN__DUPLICATE_METHOD_MATCH = YES;
				COPY_PHASE_STRIP = NO;
				DEBUG_INFORMATION_FORMAT = dwarf;
				ENABLE_STRICT_OBJC_MSGSEND = YES;
				ENABLE_TESTABILITY = YES;
				GCC_C_LANGUAGE_STANDARD = gnu11;
				GCC_DYNAMIC_NO_PIC = NO;
				GCC_NO_COMMON_BLOCKS = YES;
				GCC_OPTIMIZATION_LEVEL = 0;
				GCC_PREPROCESSOR_DEFINITIONS = (
					"DEBUG=1",
					"$(inherited)",
				);
				GCC_WARN_64_TO_32_BIT_CONVERSION = YES;
				GCC_WARN_ABOUT_RETURN_TYPE = YES_ERROR;
				GCC_WARN_UNDECLARED_SELECTOR = YES;
				GCC_WARN_UNINITIALIZED_AUTOS = YES_AGGRESSIVE;
				GCC_WARN_UNUSED_FUNCTION = YES;
				GCC_WARN_UNUSED_VARIABLE = YES;
				IPHONEOS_DEPLOYMENT_TARGET = 16.0;
				MTL_ENABLE_DEBUG_INFO = INCLUDE_SOURCE;
				MTL_FAST_MATH = YES;
				ONLY_ACTIVE_ARCH = YES;
				SDKROOT = iphoneos;
				SWIFT_ACTIVE_COMPILATION_CONDITIONS = DEBUG;
				SWIFT_OPTIMIZATION_LEVEL = "-Onone";
			};
			name = Debug;
		};
		C492539829099BF70060FA63 /* Release */ = {
			isa = XCBuildConfiguration;
			buildSettings = {
				ALWAYS_SEARCH_USER_PATHS = NO;
				CLANG_ANALYZER_NONNULL = YES;
				CLANG_ANALYZER_NUMBER_OBJECT_CONVERSION = YES_AGGRESSIVE;
				CLANG_CXX_LANGUAGE_STANDARD = "gnu++20";
				CLANG_ENABLE_MODULES = YES;
				CLANG_ENABLE_OBJC_ARC = YES;
				CLANG_ENABLE_OBJC_WEAK = YES;
				CLANG_WARN_BLOCK_CAPTURE_AUTORELEASING = YES;
				CLANG_WARN_BOOL_CONVERSION = YES;
				CLANG_WARN_COMMA = YES;
				CLANG_WARN_CONSTANT_CONVERSION = YES;
				CLANG_WARN_DEPRECATED_OBJC_IMPLEMENTATIONS = YES;
				CLANG_WARN_DIRECT_OBJC_ISA_USAGE = YES_ERROR;
				CLANG_WARN_DOCUMENTATION_COMMENTS = YES;
				CLANG_WARN_EMPTY_BODY = YES;
				CLANG_WARN_ENUM_CONVERSION = YES;
				CLANG_WARN_INFINITE_RECURSION = YES;
				CLANG_WARN_INT_CONVERSION = YES;
				CLANG_WARN_NON_LITERAL_NULL_CONVERSION = YES;
				CLANG_WARN_OBJC_IMPLICIT_RETAIN_SELF = YES;
				CLANG_WARN_OBJC_LITERAL_CONVERSION = YES;
				CLANG_WARN_OBJC_ROOT_CLASS = YES_ERROR;
				CLANG_WARN_QUOTED_INCLUDE_IN_FRAMEWORK_HEADER = YES;
				CLANG_WARN_RANGE_LOOP_ANALYSIS = YES;
				CLANG_WARN_STRICT_PROTOTYPES = YES;
				CLANG_WARN_SUSPICIOUS_MOVE = YES;
				CLANG_WARN_UNGUARDED_AVAILABILITY = YES_AGGRESSIVE;
				CLANG_WARN_UNREACHABLE_CODE = YES;
				CLANG_WARN__DUPLICATE_METHOD_MATCH = YES;
				COPY_PHASE_STRIP = NO;
				DEBUG_INFORMATION_FORMAT = "dwarf-with-dsym";
				ENABLE_NS_ASSERTIONS = NO;
				ENABLE_STRICT_OBJC_MSGSEND = YES;
				GCC_C_LANGUAGE_STANDARD = gnu11;
				GCC_NO_COMMON_BLOCKS = YES;
				GCC_WARN_64_TO_32_BIT_CONVERSION = YES;
				GCC_WARN_ABOUT_RETURN_TYPE = YES_ERROR;
				GCC_WARN_UNDECLARED_SELECTOR = YES;
				GCC_WARN_UNINITIALIZED_AUTOS = YES_AGGRESSIVE;
				GCC_WARN_UNUSED_FUNCTION = YES;
				GCC_WARN_UNUSED_VARIABLE = YES;
				IPHONEOS_DEPLOYMENT_TARGET = 16.0;
				MTL_ENABLE_DEBUG_INFO = NO;
				MTL_FAST_MATH = YES;
				SDKROOT = iphoneos;
				SWIFT_COMPILATION_MODE = wholemodule;
				SWIFT_OPTIMIZATION_LEVEL = "-O";
				VALIDATE_PRODUCT = YES;
			};
			name = Release;
		};
		C492539A29099BF70060FA63 /* Debug */ = {
			isa = XCBuildConfiguration;
			buildSettings = {
				ASSETCATALOG_COMPILER_APPICON_NAME = AppIcon;
				ASSETCATALOG_COMPILER_GLOBAL_ACCENT_COLOR_NAME = AccentColor;
				CODE_SIGN_STYLE = Automatic;
				CURRENT_PROJECT_VERSION = 1;
				GENERATE_INFOPLIST_FILE = YES;
				INFOPLIST_FILE = tableViewSimples/Info.plist;
				INFOPLIST_KEY_UIApplicationSupportsIndirectInputEvents = YES;
				INFOPLIST_KEY_UILaunchStoryboardName = LaunchScreen;
				INFOPLIST_KEY_UIMainStoryboardFile = Main;
				INFOPLIST_KEY_UISupportedInterfaceOrientations_iPad = "UIInterfaceOrientationPortrait UIInterfaceOrientationPortraitUpsideDown UIInterfaceOrientationLandscapeLeft UIInterfaceOrientationLandscapeRight";
				INFOPLIST_KEY_UISupportedInterfaceOrientations_iPhone = "UIInterfaceOrientationPortrait UIInterfaceOrientationLandscapeLeft UIInterfaceOrientationLandscapeRight";
				LD_RUNPATH_SEARCH_PATHS = (
					"$(inherited)",
					"@executable_path/Frameworks",
				);
				MARKETING_VERSION = 1.0;
				PRODUCT_BUNDLE_IDENTIFIER = com.tableViewSimples;
				PRODUCT_NAME = "$(TARGET_NAME)";
				SWIFT_EMIT_LOC_STRINGS = YES;
				SWIFT_VERSION = 5.0;
				TARGETED_DEVICE_FAMILY = "1,2";
			};
			name = Debug;
		};
		C492539B29099BF70060FA63 /* Release */ = {
			isa = XCBuildConfiguration;
			buildSettings = {
				ASSETCATALOG_COMPILER_APPICON_NAME = AppIcon;
				ASSETCATALOG_COMPILER_GLOBAL_ACCENT_COLOR_NAME = AccentColor;
				CODE_SIGN_STYLE = Automatic;
				CURRENT_PROJECT_VERSION = 1;
				GENERATE_INFOPLIST_FILE = YES;
				INFOPLIST_FILE = tableViewSimples/Info.plist;
				INFOPLIST_KEY_UIApplicationSupportsIndirectInputEvents = YES;
				INFOPLIST_KEY_UILaunchStoryboardName = LaunchScreen;
				INFOPLIST_KEY_UIMainStoryboardFile = Main;
				INFOPLIST_KEY_UISupportedInterfaceOrientations_iPad = "UIInterfaceOrientationPortrait UIInterfaceOrientationPortraitUpsideDown UIInterfaceOrientationLandscapeLeft UIInterfaceOrientationLandscapeRight";
				INFOPLIST_KEY_UISupportedInterfaceOrientations_iPhone = "UIInterfaceOrientationPortrait UIInterfaceOrientationLandscapeLeft UIInterfaceOrientationLandscapeRight";
				LD_RUNPATH_SEARCH_PATHS = (
					"$(inherited)",
					"@executable_path/Frameworks",
				);
				MARKETING_VERSION = 1.0;
				PRODUCT_BUNDLE_IDENTIFIER = com.tableViewSimples;
				PRODUCT_NAME = "$(TARGET_NAME)";
				SWIFT_EMIT_LOC_STRINGS = YES;
				SWIFT_VERSION = 5.0;
				TARGETED_DEVICE_FAMILY = "1,2";
			};
			name = Release;
		};
/* End XCBuildConfiguration section */

/* Begin XCConfigurationList section */
		C492538029099BF50060FA63 /* Build configuration list for PBXProject "tableViewSimples" */ = {
			isa = XCConfigurationList;
			buildConfigurations = (
				C492539729099BF70060FA63 /* Debug */,
				C492539829099BF70060FA63 /* Release */,
			);
			defaultConfigurationIsVisible = 0;
			defaultConfigurationName = Release;
		};
		C492539929099BF70060FA63 /* Build configuration list for PBXNativeTarget "tableViewSimples" */ = {
			isa = XCConfigurationList;
			buildConfigurations = (
				C492539A29099BF70060FA63 /* Debug */,
				C492539B29099BF70060FA63 /* Release */,
			);
			defaultConfigurationIsVisible = 0;
			defaultConfigurationName = Release;
		};
/* End XCConfigurationList section */
	};
	rootObject = C492537D29099BF50060FA63 /* Project object */;
}
