// !$*UTF8*$!
{
	archiveVersion = 1;
	classes = {
	};
	objectVersion = 56;
	objects = {

/* Begin PBXBuildFile section */
		C48FC403291C52880024BD06 /* Vehicle.swift in Sources */ = {isa = PBXBuildFile; fileRef = C48FC402291C52880024BD06 /* Vehicle.swift */; };
		C4D38F25291AC9B400D1D516 /* CustomCollectionViewCell.swift in Sources */ = {isa = PBXBuildFile; fileRef = C4D38F23291AC9B400D1D516 /* CustomCollectionViewCell.swift */; };
		C4D38F26291AC9B400D1D516 /* CustomCollectionViewCell.xib in Resources */ = {isa = PBXBuildFile; fileRef = C4D38F24291AC9B400D1D516 /* CustomCollectionViewCell.xib */; };
		C4DC152C2919E5C600E87366 /* AppDelegate.swift in Sources */ = {isa = PBXBuildFile; fileRef = C4DC152B2919E5C600E87366 /* AppDelegate.swift */; };
		C4DC152E2919E5C600E87366 /* SceneDelegate.swift in Sources */ = {isa = PBXBuildFile; fileRef = C4DC152D2919E5C600E87366 /* SceneDelegate.swift */; };
		C4DC15302919E5C600E87366 /* ViewController.swift in Sources */ = {isa = PBXBuildFile; fileRef = C4DC152F2919E5C600E87366 /* ViewController.swift */; };
		C4DC15332919E5C600E87366 /* Main.storyboard in Resources */ = {isa = PBXBuildFile; fileRef = C4DC15312919E5C600E87366 /* Main.storyboard */; };
		C4DC15352919E5C600E87366 /* Assets.xcassets in Resources */ = {isa = PBXBuildFile; fileRef = C4DC15342919E5C600E87366 /* Assets.xcassets */; };
		C4DC15382919E5C600E87366 /* LaunchScreen.storyboard in Resources */ = {isa = PBXBuildFile; fileRef = C4DC15362919E5C600E87366 /* LaunchScreen.storyboard */; };
		C4DC15422919E76100E87366 /* CarTableViewCell.swift in Sources */ = {isa = PBXBuildFile; fileRef = C4DC15402919E76100E87366 /* CarTableViewCell.swift */; };
		C4DC15432919E76100E87366 /* CarTableViewCell.xib in Resources */ = {isa = PBXBuildFile; fileRef = C4DC15412919E76100E87366 /* CarTableViewCell.xib */; };
/* End PBXBuildFile section */

/* Begin PBXFileReference section */
		C48FC402291C52880024BD06 /* Vehicle.swift */ = {isa = PBXFileReference; lastKnownFileType = sourcecode.swift; path = Vehicle.swift; sourceTree = "<group>"; };
		C4D38F23291AC9B400D1D516 /* CustomCollectionViewCell.swift */ = {isa = PBXFileReference; lastKnownFileType = sourcecode.swift; path = CustomCollectionViewCell.swift; sourceTree = "<group>"; };
		C4D38F24291AC9B400D1D516 /* CustomCollectionViewCell.xib */ = {isa = PBXFileReference; lastKnownFileType = file.xib; path = CustomCollectionViewCell.xib; sourceTree = "<group>"; };
		C4DC15282919E5C600E87366 /* tableViewComCollectionView.app */ = {isa = PBXFileReference; explicitFileType = wrapper.application; includeInIndex = 0; path = tableViewComCollectionView.app; sourceTree = BUILT_PRODUCTS_DIR; };
		C4DC152B2919E5C600E87366 /* AppDelegate.swift */ = {isa = PBXFileReference; lastKnownFileType = sourcecode.swift; path = AppDelegate.swift; sourceTree = "<group>"; };
		C4DC152D2919E5C600E87366 /* SceneDelegate.swift */ = {isa = PBXFileReference; lastKnownFileType = sourcecode.swift; path = SceneDelegate.swift; sourceTree = "<group>"; };
		C4DC152F2919E5C600E87366 /* ViewController.swift */ = {isa = PBXFileReference; lastKnownFileType = sourcecode.swift; path = ViewController.swift; sourceTree = "<group>"; };
		C4DC15322919E5C600E87366 /* Base */ = {isa = PBXFileReference; lastKnownFileType = file.storyboard; name = Base; path = Base.lproj/Main.storyboard; sourceTree = "<group>"; };
		C4DC15342919E5C600E87366 /* Assets.xcassets */ = {isa = PBXFileReference; lastKnownFileType = folder.assetcatalog; path = Assets.xcassets; sourceTree = "<group>"; };
		C4DC15372919E5C600E87366 /* Base */ = {isa = PBXFileReference; lastKnownFileType = file.storyboard; name = Base; path = Base.lproj/LaunchScreen.storyboard; sourceTree = "<group>"; };
		C4DC15392919E5C600E87366 /* Info.plist */ = {isa = PBXFileReference; lastKnownFileType = text.plist.xml; path = Info.plist; sourceTree = "<group>"; };
		C4DC15402919E76100E87366 /* CarTableViewCell.swift */ = {isa = PBXFileReference; lastKnownFileType = sourcecode.swift; path = CarTableViewCell.swift; sourceTree = "<group>"; };
		C4DC15412919E76100E87366 /* CarTableViewCell.xib */ = {isa = PBXFileReference; lastKnownFileType = file.xib; path = CarTableViewCell.xib; sourceTree = "<group>"; };
/* End PBXFileReference section */

/* Begin PBXFrameworksBuildPhase section */
		C4DC15252919E5C600E87366 /* Frameworks */ = {
			isa = PBXFrameworksBuildPhase;
			buildActionMask = 2147483647;
			files = (
			);
			runOnlyForDeploymentPostprocessing = 0;
		};
/* End PBXFrameworksBuildPhase section */

/* Begin PBXGroup section */
		C4AB0979291C517700AEBD31 /* model */ = {
			isa = PBXGroup;
			children = (
				C48FC402291C52880024BD06 /* Vehicle.swift */,
			);
			path = model;
			sourceTree = "<group>";
		};
		C4D38F22291AC93900D1D516 /* CollectionViewCell */ = {
			isa = PBXGroup;
			children = (
				C4D38F23291AC9B400D1D516 /* CustomCollectionViewCell.swift */,
				C4D38F24291AC9B400D1D516 /* CustomCollectionViewCell.xib */,
			);
			path = CollectionViewCell;
			sourceTree = "<group>";
		};
		C4DC151F2919E5C500E87366 = {
			isa = PBXGroup;
			children = (
				C4DC152A2919E5C600E87366 /* tableViewComCollectionView */,
				C4DC15292919E5C600E87366 /* Products */,
			);
			sourceTree = "<group>";
		};
		C4DC15292919E5C600E87366 /* Products */ = {
			isa = PBXGroup;
			children = (
				C4DC15282919E5C600E87366 /* tableViewComCollectionView.app */,
			);
			name = Products;
			sourceTree = "<group>";
		};
		C4DC152A2919E5C600E87366 /* tableViewComCollectionView */ = {
			isa = PBXGroup;
			children = (
				C4AB0979291C517700AEBD31 /* model */,
				C4D38F22291AC93900D1D516 /* CollectionViewCell */,
				C4DC153F2919E71400E87366 /* TableViewCell */,
				C4DC152B2919E5C600E87366 /* AppDelegate.swift */,
				C4DC152D2919E5C600E87366 /* SceneDelegate.swift */,
				C4DC152F2919E5C600E87366 /* ViewController.swift */,
				C4DC15312919E5C600E87366 /* Main.storyboard */,
				C4DC15342919E5C600E87366 /* Assets.xcassets */,
				C4DC15362919E5C600E87366 /* LaunchScreen.storyboard */,
				C4DC15392919E5C600E87366 /* Info.plist */,
			);
			path = tableViewComCollectionView;
			sourceTree = "<group>";
		};
		C4DC153F2919E71400E87366 /* TableViewCell */ = {
			isa = PBXGroup;
			children = (
				C4DC15402919E76100E87366 /* CarTableViewCell.swift */,
				C4DC15412919E76100E87366 /* CarTableViewCell.xib */,
			);
			path = TableViewCell;
			sourceTree = "<group>";
		};
/* End PBXGroup section */

/* Begin PBXNativeTarget section */
		C4DC15272919E5C600E87366 /* tableViewComCollectionView */ = {
			isa = PBXNativeTarget;
			buildConfigurationList = C4DC153C2919E5C600E87366 /* Build configuration list for PBXNativeTarget "tableViewComCollectionView" */;
			buildPhases = (
				C4DC15242919E5C600E87366 /* Sources */,
				C4DC15252919E5C600E87366 /* Frameworks */,
				C4DC15262919E5C600E87366 /* Resources */,
			);
			buildRules = (
			);
			dependencies = (
			);
			name = tableViewComCollectionView;
			productName = tableViewComCollectionView;
			productReference = C4DC15282919E5C600E87366 /* tableViewComCollectionView.app */;
			productType = "com.apple.product-type.application";
		};
/* End PBXNativeTarget section */

/* Begin PBXProject section */
		C4DC15202919E5C600E87366 /* Project object */ = {
			isa = PBXProject;
			attributes = {
				BuildIndependentTargetsInParallel = 1;
				LastSwiftUpdateCheck = 1400;
				LastUpgradeCheck = 1400;
				TargetAttributes = {
					C4DC15272919E5C600E87366 = {
						CreatedOnToolsVersion = 14.0;
					};
				};
			};
			buildConfigurationList = C4DC15232919E5C600E87366 /* Build configuration list for PBXProject "tableViewComCollectionView" */;
			compatibilityVersion = "Xcode 14.0";
			developmentRegion = en;
			hasScannedForEncodings = 0;
			knownRegions = (
				en,
				Base,
			);
			mainGroup = C4DC151F2919E5C500E87366;
			productRefGroup = C4DC15292919E5C600E87366 /* Products */;
			projectDirPath = "";
			projectRoot = "";
			targets = (
				C4DC15272919E5C600E87366 /* tableViewComCollectionView */,
			);
		};
/* End PBXProject section */

/* Begin PBXResourcesBuildPhase section */
		C4DC15262919E5C600E87366 /* Resources */ = {
			isa = PBXResourcesBuildPhase;
			buildActionMask = 2147483647;
			files = (
				C4DC15382919E5C600E87366 /* LaunchScreen.storyboard in Resources */,
				C4DC15352919E5C600E87366 /* Assets.xcassets in Resources */,
				C4DC15432919E76100E87366 /* CarTableViewCell.xib in Resources */,
				C4D38F26291AC9B400D1D516 /* CustomCollectionViewCell.xib in Resources */,
				C4DC15332919E5C600E87366 /* Main.storyboard in Resources */,
			);
			runOnlyForDeploymentPostprocessing = 0;
		};
/* End PBXResourcesBuildPhase section */

/* Begin PBXSourcesBuildPhase section */
		C4DC15242919E5C600E87366 /* Sources */ = {
			isa = PBXSourcesBuildPhase;
			buildActionMask = 2147483647;
			files = (
				C48FC403291C52880024BD06 /* Vehicle.swift in Sources */,
				C4DC15302919E5C600E87366 /* ViewController.swift in Sources */,
				C4D38F25291AC9B400D1D516 /* CustomCollectionViewCell.swift in Sources */,
				C4DC152C2919E5C600E87366 /* AppDelegate.swift in Sources */,
				C4DC15422919E76100E87366 /* CarTableViewCell.swift in Sources */,
				C4DC152E2919E5C600E87366 /* SceneDelegate.swift in Sources */,
			);
			runOnlyForDeploymentPostprocessing = 0;
		};
/* End PBXSourcesBuildPhase section */

/* Begin PBXVariantGroup section */
		C4DC15312919E5C600E87366 /* Main.storyboard */ = {
			isa = PBXVariantGroup;
			children = (
				C4DC15322919E5C600E87366 /* Base */,
			);
			name = Main.storyboard;
			sourceTree = "<group>";
		};
		C4DC15362919E5C600E87366 /* LaunchScreen.storyboard */ = {
			isa = PBXVariantGroup;
			children = (
				C4DC15372919E5C600E87366 /* Base */,
			);
			name = LaunchScreen.storyboard;
			sourceTree = "<group>";
		};
/* End PBXVariantGroup section */

/* Begin XCBuildConfiguration section */
		C4DC153A2919E5C600E87366 /* Debug */ = {
			isa = XCBuildConfiguration;
			buildSettings = {
				ALWAYS_SEARCH_USER_PATHS = NO;
				CLANG_ANALYZER_NONNULL = YES;
				CLANG_ANALYZER_NUMBER_OBJECT_CONVERSION = YES_AGGRESSIVE;
				CLANG_CXX_LANGUAGE_STANDARD = "gnu++20";
				CLANG_ENABLE_MODULES = YES;
				CLANG_ENABLE_OBJC_ARC = YES;
				CLANG_ENABLE_OBJC_WEAK = YES;
				CLANG_WARN_BLOCK_CAPTURE_AUTORELEASING = YES;
				CLANG_WARN_BOOL_CONVERSION = YES;
				CLANG_WARN_COMMA = YES;
				CLANG_WARN_CONSTANT_CONVERSION = YES;
				CLANG_WARN_DEPRECATED_OBJC_IMPLEMENTATIONS = YES;
				CLANG_WARN_DIRECT_OBJC_ISA_USAGE = YES_ERROR;
				CLANG_WARN_DOCUMENTATION_COMMENTS = YES;
				CLANG_WARN_EMPTY_BODY = YES;
				CLANG_WARN_ENUM_CONVERSION = YES;
				CLANG_WARN_INFINITE_RECURSION = YES;
				CLANG_WARN_INT_CONVERSION = YES;
				CLANG_WARN_NON_LITERAL_NULL_CONVERSION = YES;
				CLANG_WARN_OBJC_IMPLICIT_RETAIN_SELF = YES;
				CLANG_WARN_OBJC_LITERAL_CONVERSION = YES;
				CLANG_WARN_OBJC_ROOT_CLASS = YES_ERROR;
				CLANG_WARN_QUOTED_INCLUDE_IN_FRAMEWORK_HEADER = YES;
				CLANG_WARN_RANGE_LOOP_ANALYSIS = YES;
				CLANG_WARN_STRICT_PROTOTYPES = YES;
				CLANG_WARN_SUSPICIOUS_MOVE = YES;
				CLANG_WARN_UNGUARDED_AVAILABILITY = YES_AGGRESSIVE;
				CLANG_WARN_UNREACHABLE_CODE = YES;
				CLANG_WARN__DUPLICATE_METHOD_MATCH = YES;
				COPY_PHASE_STRIP = NO;
				DEBUG_INFORMATION_FORMAT = dwarf;
				ENABLE_STRICT_OBJC_MSGSEND = YES;
				ENABLE_TESTABILITY = YES;
				GCC_C_LANGUAGE_STANDARD = gnu11;
				GCC_DYNAMIC_NO_PIC = NO;
				GCC_NO_COMMON_BLOCKS = YES;
				GCC_OPTIMIZATION_LEVEL = 0;
				GCC_PREPROCESSOR_DEFINITIONS = (
					"DEBUG=1",
					"$(inherited)",
				);
				GCC_WARN_64_TO_32_BIT_CONVERSION = YES;
				GCC_WARN_ABOUT_RETURN_TYPE = YES_ERROR;
				GCC_WARN_UNDECLARED_SELECTOR = YES;
				GCC_WARN_UNINITIALIZED_AUTOS = YES_AGGRESSIVE;
				GCC_WARN_UNUSED_FUNCTION = YES;
				GCC_WARN_UNUSED_VARIABLE = YES;
				IPHONEOS_DEPLOYMENT_TARGET = 16.0;
				MTL_ENABLE_DEBUG_INFO = INCLUDE_SOURCE;
				MTL_FAST_MATH = YES;
				ONLY_ACTIVE_ARCH = YES;
				SDKROOT = iphoneos;
				SWIFT_ACTIVE_COMPILATION_CONDITIONS = DEBUG;
				SWIFT_OPTIMIZATION_LEVEL = "-Onone";
			};
			name = Debug;
		};
		C4DC153B2919E5C600E87366 /* Release */ = {
			isa = XCBuildConfiguration;
			buildSettings = {
				ALWAYS_SEARCH_USER_PATHS = NO;
				CLANG_ANALYZER_NONNULL = YES;
				CLANG_ANALYZER_NUMBER_OBJECT_CONVERSION = YES_AGGRESSIVE;
				CLANG_CXX_LANGUAGE_STANDARD = "gnu++20";
				CLANG_ENABLE_MODULES = YES;
				CLANG_ENABLE_OBJC_ARC = YES;
				CLANG_ENABLE_OBJC_WEAK = YES;
				CLANG_WARN_BLOCK_CAPTURE_AUTORELEASING = YES;
				CLANG_WARN_BOOL_CONVERSION = YES;
				CLANG_WARN_COMMA = YES;
				CLANG_WARN_CONSTANT_CONVERSION = YES;
				CLANG_WARN_DEPRECATED_OBJC_IMPLEMENTATIONS = YES;
				CLANG_WARN_DIRECT_OBJC_ISA_USAGE = YES_ERROR;
				CLANG_WARN_DOCUMENTATION_COMMENTS = YES;
				CLANG_WARN_EMPTY_BODY = YES;
				CLANG_WARN_ENUM_CONVERSION = YES;
				CLANG_WARN_INFINITE_RECURSION = YES;
				CLANG_WARN_INT_CONVERSION = YES;
				CLANG_WARN_NON_LITERAL_NULL_CONVERSION = YES;
				CLANG_WARN_OBJC_IMPLICIT_RETAIN_SELF = YES;
				CLANG_WARN_OBJC_LITERAL_CONVERSION = YES;
				CLANG_WARN_OBJC_ROOT_CLASS = YES_ERROR;
				CLANG_WARN_QUOTED_INCLUDE_IN_FRAMEWORK_HEADER = YES;
				CLANG_WARN_RANGE_LOOP_ANALYSIS = YES;
				CLANG_WARN_STRICT_PROTOTYPES = YES;
				CLANG_WARN_SUSPICIOUS_MOVE = YES;
				CLANG_WARN_UNGUARDED_AVAILABILITY = YES_AGGRESSIVE;
				CLANG_WARN_UNREACHABLE_CODE = YES;
				CLANG_WARN__DUPLICATE_METHOD_MATCH = YES;
				COPY_PHASE_STRIP = NO;
				DEBUG_INFORMATION_FORMAT = "dwarf-with-dsym";
				ENABLE_NS_ASSERTIONS = NO;
				ENABLE_STRICT_OBJC_MSGSEND = YES;
				GCC_C_LANGUAGE_STANDARD = gnu11;
				GCC_NO_COMMON_BLOCKS = YES;
				GCC_WARN_64_TO_32_BIT_CONVERSION = YES;
				GCC_WARN_ABOUT_RETURN_TYPE = YES_ERROR;
				GCC_WARN_UNDECLARED_SELECTOR = YES;
				GCC_WARN_UNINITIALIZED_AUTOS = YES_AGGRESSIVE;
				GCC_WARN_UNUSED_FUNCTION = YES;
				GCC_WARN_UNUSED_VARIABLE = YES;
				IPHONEOS_DEPLOYMENT_TARGET = 16.0;
				MTL_ENABLE_DEBUG_INFO = NO;
				MTL_FAST_MATH = YES;
				SDKROOT = iphoneos;
				SWIFT_COMPILATION_MODE = wholemodule;
				SWIFT_OPTIMIZATION_LEVEL = "-O";
				VALIDATE_PRODUCT = YES;
			};
			name = Release;
		};
		C4DC153D2919E5C600E87366 /* Debug */ = {
			isa = XCBuildConfiguration;
			buildSettings = {
				ASSETCATALOG_COMPILER_APPICON_NAME = AppIcon;
				ASSETCATALOG_COMPILER_GLOBAL_ACCENT_COLOR_NAME = AccentColor;
				CODE_SIGN_STYLE = Automatic;
				CURRENT_PROJECT_VERSION = 1;
				GENERATE_INFOPLIST_FILE = YES;
				INFOPLIST_FILE = tableViewComCollectionView/Info.plist;
				INFOPLIST_KEY_UIApplicationSupportsIndirectInputEvents = YES;
				INFOPLIST_KEY_UILaunchStoryboardName = LaunchScreen;
				INFOPLIST_KEY_UIMainStoryboardFile = Main;
				INFOPLIST_KEY_UISupportedInterfaceOrientations_iPad = "UIInterfaceOrientationPortrait UIInterfaceOrientationPortraitUpsideDown UIInterfaceOrientationLandscapeLeft UIInterfaceOrientationLandscapeRight";
				INFOPLIST_KEY_UISupportedInterfaceOrientations_iPhone = "UIInterfaceOrientationPortrait UIInterfaceOrientationLandscapeLeft UIInterfaceOrientationLandscapeRight";
				LD_RUNPATH_SEARCH_PATHS = (
					"$(inherited)",
					"@executable_path/Frameworks",
				);
				MARKETING_VERSION = 1.0;
				PRODUCT_BUNDLE_IDENTIFIER = com.tableViewComCollectionView;
				PRODUCT_NAME = "$(TARGET_NAME)";
				SWIFT_EMIT_LOC_STRINGS = YES;
				SWIFT_VERSION = 5.0;
				TARGETED_DEVICE_FAMILY = "1,2";
			};
			name = Debug;
		};
		C4DC153E2919E5C600E87366 /* Release */ = {
			isa = XCBuildConfiguration;
			buildSettings = {
				ASSETCATALOG_COMPILER_APPICON_NAME = AppIcon;
				ASSETCATALOG_COMPILER_GLOBAL_ACCENT_COLOR_NAME = AccentColor;
				CODE_SIGN_STYLE = Automatic;
				CURRENT_PROJECT_VERSION = 1;
				GENERATE_INFOPLIST_FILE = YES;
				INFOPLIST_FILE = tableViewComCollectionView/Info.plist;
				INFOPLIST_KEY_UIApplicationSupportsIndirectInputEvents = YES;
				INFOPLIST_KEY_UILaunchStoryboardName = LaunchScreen;
				INFOPLIST_KEY_UIMainStoryboardFile = Main;
				INFOPLIST_KEY_UISupportedInterfaceOrientations_iPad = "UIInterfaceOrientationPortrait UIInterfaceOrientationPortraitUpsideDown UIInterfaceOrientationLandscapeLeft UIInterfaceOrientationLandscapeRight";
				INFOPLIST_KEY_UISupportedInterfaceOrientations_iPhone = "UIInterfaceOrientationPortrait UIInterfaceOrientationLandscapeLeft UIInterfaceOrientationLandscapeRight";
				LD_RUNPATH_SEARCH_PATHS = (
					"$(inherited)",
					"@executable_path/Frameworks",
				);
				MARKETING_VERSION = 1.0;
				PRODUCT_BUNDLE_IDENTIFIER = com.tableViewComCollectionView;
				PRODUCT_NAME = "$(TARGET_NAME)";
				SWIFT_EMIT_LOC_STRINGS = YES;
				SWIFT_VERSION = 5.0;
				TARGETED_DEVICE_FAMILY = "1,2";
			};
			name = Release;
		};
/* End XCBuildConfiguration section */

/* Begin XCConfigurationList section */
		C4DC15232919E5C600E87366 /* Build configuration list for PBXProject "tableViewComCollectionView" */ = {
			isa = XCConfigurationList;
			buildConfigurations = (
				C4DC153A2919E5C600E87366 /* Debug */,
				C4DC153B2919E5C600E87366 /* Release */,
			);
			defaultConfigurationIsVisible = 0;
			defaultConfigurationName = Release;
		};
		C4DC153C2919E5C600E87366 /* Build configuration list for PBXNativeTarget "tableViewComCollectionView" */ = {
			isa = XCConfigurationList;
			buildConfigurations = (
				C4DC153D2919E5C600E87366 /* Debug */,
				C4DC153E2919E5C600E87366 /* Release */,
			);
			defaultConfigurationIsVisible = 0;
			defaultConfigurationName = Release;
		};
/* End XCConfigurationList section */
	};
	rootObject = C4DC15202919E5C600E87366 /* Project object */;
}
