// !$*UTF8*$!
{
	archiveVersion = 1;
	classes = {
	};
	objectVersion = 56;
	objects = {

/* Begin PBXBuildFile section */
		C488890828FF872E00E70702 /* AppDelegate.swift in Sources */ = {isa = PBXBuildFile; fileRef = C488890728FF872E00E70702 /* AppDelegate.swift */; };
		C488890A28FF872E00E70702 /* SceneDelegate.swift in Sources */ = {isa = PBXBuildFile; fileRef = C488890928FF872E00E70702 /* SceneDelegate.swift */; };
		C488890C28FF872E00E70702 /* ViewController.swift in Sources */ = {isa = PBXBuildFile; fileRef = C488890B28FF872E00E70702 /* ViewController.swift */; };
		C488890F28FF872E00E70702 /* Main.storyboard in Resources */ = {isa = PBXBuildFile; fileRef = C488890D28FF872E00E70702 /* Main.storyboard */; };
		C488891128FF872E00E70702 /* Assets.xcassets in Resources */ = {isa = PBXBuildFile; fileRef = C488891028FF872E00E70702 /* Assets.xcassets */; };
		C488891428FF872E00E70702 /* LaunchScreen.storyboard in Resources */ = {isa = PBXBuildFile; fileRef = C488891228FF872E00E70702 /* LaunchScreen.storyboard */; };
		C488891C28FF875200E70702 /* tela02.swift in Sources */ = {isa = PBXBuildFile; fileRef = C488891B28FF875200E70702 /* tela02.swift */; };
		C488891E28FF876000E70702 /* tela02.storyboard in Resources */ = {isa = PBXBuildFile; fileRef = C488891D28FF876000E70702 /* tela02.storyboard */; };
/* End PBXBuildFile section */

/* Begin PBXFileReference section */
		C488890428FF872E00E70702 /* DesafioTransicaoDeDadosEntreTelas2.app */ = {isa = PBXFileReference; explicitFileType = wrapper.application; includeInIndex = 0; path = DesafioTransicaoDeDadosEntreTelas2.app; sourceTree = BUILT_PRODUCTS_DIR; };
		C488890728FF872E00E70702 /* AppDelegate.swift */ = {isa = PBXFileReference; lastKnownFileType = sourcecode.swift; path = AppDelegate.swift; sourceTree = "<group>"; };
		C488890928FF872E00E70702 /* SceneDelegate.swift */ = {isa = PBXFileReference; lastKnownFileType = sourcecode.swift; path = SceneDelegate.swift; sourceTree = "<group>"; };
		C488890B28FF872E00E70702 /* ViewController.swift */ = {isa = PBXFileReference; lastKnownFileType = sourcecode.swift; path = ViewController.swift; sourceTree = "<group>"; };
		C488890E28FF872E00E70702 /* Base */ = {isa = PBXFileReference; lastKnownFileType = file.storyboard; name = Base; path = Base.lproj/Main.storyboard; sourceTree = "<group>"; };
		C488891028FF872E00E70702 /* Assets.xcassets */ = {isa = PBXFileReference; lastKnownFileType = folder.assetcatalog; path = Assets.xcassets; sourceTree = "<group>"; };
		C488891328FF872E00E70702 /* Base */ = {isa = PBXFileReference; lastKnownFileType = file.storyboard; name = Base; path = Base.lproj/LaunchScreen.storyboard; sourceTree = "<group>"; };
		C488891528FF872E00E70702 /* Info.plist */ = {isa = PBXFileReference; lastKnownFileType = text.plist.xml; path = Info.plist; sourceTree = "<group>"; };
		C488891B28FF875200E70702 /* tela02.swift */ = {isa = PBXFileReference; lastKnownFileType = sourcecode.swift; path = tela02.swift; sourceTree = "<group>"; };
		C488891D28FF876000E70702 /* tela02.storyboard */ = {isa = PBXFileReference; lastKnownFileType = file.storyboard; path = tela02.storyboard; sourceTree = "<group>"; };
/* End PBXFileReference section */

/* Begin PBXFrameworksBuildPhase section */
		C488890128FF872E00E70702 /* Frameworks */ = {
			isa = PBXFrameworksBuildPhase;
			buildActionMask = 2147483647;
			files = (
			);
			runOnlyForDeploymentPostprocessing = 0;
		};
/* End PBXFrameworksBuildPhase section */

/* Begin PBXGroup section */
		C48888FB28FF872E00E70702 = {
			isa = PBXGroup;
			children = (
				C488890628FF872E00E70702 /* DesafioTransicaoDeDadosEntreTelas2 */,
				C488890528FF872E00E70702 /* Products */,
			);
			sourceTree = "<group>";
		};
		C488890528FF872E00E70702 /* Products */ = {
			isa = PBXGroup;
			children = (
				C488890428FF872E00E70702 /* DesafioTransicaoDeDadosEntreTelas2.app */,
			);
			name = Products;
			sourceTree = "<group>";
		};
		C488890628FF872E00E70702 /* DesafioTransicaoDeDadosEntreTelas2 */ = {
			isa = PBXGroup;
			children = (
				C488890728FF872E00E70702 /* AppDelegate.swift */,
				C488890928FF872E00E70702 /* SceneDelegate.swift */,
				C488890B28FF872E00E70702 /* ViewController.swift */,
				C488890D28FF872E00E70702 /* Main.storyboard */,
				C488891028FF872E00E70702 /* Assets.xcassets */,
				C488891228FF872E00E70702 /* LaunchScreen.storyboard */,
				C488891528FF872E00E70702 /* Info.plist */,
				C488891B28FF875200E70702 /* tela02.swift */,
				C488891D28FF876000E70702 /* tela02.storyboard */,
			);
			path = DesafioTransicaoDeDadosEntreTelas2;
			sourceTree = "<group>";
		};
/* End PBXGroup section */

/* Begin PBXNativeTarget section */
		C488890328FF872E00E70702 /* DesafioTransicaoDeDadosEntreTelas2 */ = {
			isa = PBXNativeTarget;
			buildConfigurationList = C488891828FF872E00E70702 /* Build configuration list for PBXNativeTarget "DesafioTransicaoDeDadosEntreTelas2" */;
			buildPhases = (
				C488890028FF872E00E70702 /* Sources */,
				C488890128FF872E00E70702 /* Frameworks */,
				C488890228FF872E00E70702 /* Resources */,
			);
			buildRules = (
			);
			dependencies = (
			);
			name = DesafioTransicaoDeDadosEntreTelas2;
			productName = DesafioTransicaoDeDadosEntreTelas2;
			productReference = C488890428FF872E00E70702 /* DesafioTransicaoDeDadosEntreTelas2.app */;
			productType = "com.apple.product-type.application";
		};
/* End PBXNativeTarget section */

/* Begin PBXProject section */
		C48888FC28FF872E00E70702 /* Project object */ = {
			isa = PBXProject;
			attributes = {
				BuildIndependentTargetsInParallel = 1;
				LastSwiftUpdateCheck = 1400;
				LastUpgradeCheck = 1400;
				TargetAttributes = {
					C488890328FF872E00E70702 = {
						CreatedOnToolsVersion = 14.0;
					};
				};
			};
			buildConfigurationList = C48888FF28FF872E00E70702 /* Build configuration list for PBXProject "DesafioTransicaoDeDadosEntreTelas2" */;
			compatibilityVersion = "Xcode 14.0";
			developmentRegion = en;
			hasScannedForEncodings = 0;
			knownRegions = (
				en,
				Base,
			);
			mainGroup = C48888FB28FF872E00E70702;
			productRefGroup = C488890528FF872E00E70702 /* Products */;
			projectDirPath = "";
			projectRoot = "";
			targets = (
				C488890328FF872E00E70702 /* DesafioTransicaoDeDadosEntreTelas2 */,
			);
		};
/* End PBXProject section */

/* Begin PBXResourcesBuildPhase section */
		C488890228FF872E00E70702 /* Resources */ = {
			isa = PBXResourcesBuildPhase;
			buildActionMask = 2147483647;
			files = (
				C488891E28FF876000E70702 /* tela02.storyboard in Resources */,
				C488891428FF872E00E70702 /* LaunchScreen.storyboard in Resources */,
				C488891128FF872E00E70702 /* Assets.xcassets in Resources */,
				C488890F28FF872E00E70702 /* Main.storyboard in Resources */,
			);
			runOnlyForDeploymentPostprocessing = 0;
		};
/* End PBXResourcesBuildPhase section */

/* Begin PBXSourcesBuildPhase section */
		C488890028FF872E00E70702 /* Sources */ = {
			isa = PBXSourcesBuildPhase;
			buildActionMask = 2147483647;
			files = (
				C488890C28FF872E00E70702 /* ViewController.swift in Sources */,
				C488890828FF872E00E70702 /* AppDelegate.swift in Sources */,
				C488890A28FF872E00E70702 /* SceneDelegate.swift in Sources */,
				C488891C28FF875200E70702 /* tela02.swift in Sources */,
			);
			runOnlyForDeploymentPostprocessing = 0;
		};
/* End PBXSourcesBuildPhase section */

/* Begin PBXVariantGroup section */
		C488890D28FF872E00E70702 /* Main.storyboard */ = {
			isa = PBXVariantGroup;
			children = (
				C488890E28FF872E00E70702 /* Base */,
			);
			name = Main.storyboard;
			sourceTree = "<group>";
		};
		C488891228FF872E00E70702 /* LaunchScreen.storyboard */ = {
			isa = PBXVariantGroup;
			children = (
				C488891328FF872E00E70702 /* Base */,
			);
			name = LaunchScreen.storyboard;
			sourceTree = "<group>";
		};
/* End PBXVariantGroup section */

/* Begin XCBuildConfiguration section */
		C488891628FF872E00E70702 /* Debug */ = {
			isa = XCBuildConfiguration;
			buildSettings = {
				ALWAYS_SEARCH_USER_PATHS = NO;
				CLANG_ANALYZER_NONNULL = YES;
				CLANG_ANALYZER_NUMBER_OBJECT_CONVERSION = YES_AGGRESSIVE;
				CLANG_CXX_LANGUAGE_STANDARD = "gnu++20";
				CLANG_ENABLE_MODULES = YES;
				CLANG_ENABLE_OBJC_ARC = YES;
				CLANG_ENABLE_OBJC_WEAK = YES;
				CLANG_WARN_BLOCK_CAPTURE_AUTORELEASING = YES;
				CLANG_WARN_BOOL_CONVERSION = YES;
				CLANG_WARN_COMMA = YES;
				CLANG_WARN_CONSTANT_CONVERSION = YES;
				CLANG_WARN_DEPRECATED_OBJC_IMPLEMENTATIONS = YES;
				CLANG_WARN_DIRECT_OBJC_ISA_USAGE = YES_ERROR;
				CLANG_WARN_DOCUMENTATION_COMMENTS = YES;
				CLANG_WARN_EMPTY_BODY = YES;
				CLANG_WARN_ENUM_CONVERSION = YES;
				CLANG_WARN_INFINITE_RECURSION = YES;
				CLANG_WARN_INT_CONVERSION = YES;
				CLANG_WARN_NON_LITERAL_NULL_CONVERSION = YES;
				CLANG_WARN_OBJC_IMPLICIT_RETAIN_SELF = YES;
				CLANG_WARN_OBJC_LITERAL_CONVERSION = YES;
				CLANG_WARN_OBJC_ROOT_CLASS = YES_ERROR;
				CLANG_WARN_QUOTED_INCLUDE_IN_FRAMEWORK_HEADER = YES;
				CLANG_WARN_RANGE_LOOP_ANALYSIS = YES;
				CLANG_WARN_STRICT_PROTOTYPES = YES;
				CLANG_WARN_SUSPICIOUS_MOVE = YES;
				CLANG_WARN_UNGUARDED_AVAILABILITY = YES_AGGRESSIVE;
				CLANG_WARN_UNREACHABLE_CODE = YES;
				CLANG_WARN__DUPLICATE_METHOD_MATCH = YES;
				COPY_PHASE_STRIP = NO;
				DEBUG_INFORMATION_FORMAT = dwarf;
				ENABLE_STRICT_OBJC_MSGSEND = YES;
				ENABLE_TESTABILITY = YES;
				GCC_C_LANGUAGE_STANDARD = gnu11;
				GCC_DYNAMIC_NO_PIC = NO;
				GCC_NO_COMMON_BLOCKS = YES;
				GCC_OPTIMIZATION_LEVEL = 0;
				GCC_PREPROCESSOR_DEFINITIONS = (
					"DEBUG=1",
					"$(inherited)",
				);
				GCC_WARN_64_TO_32_BIT_CONVERSION = YES;
				GCC_WARN_ABOUT_RETURN_TYPE = YES_ERROR;
				GCC_WARN_UNDECLARED_SELECTOR = YES;
				GCC_WARN_UNINITIALIZED_AUTOS = YES_AGGRESSIVE;
				GCC_WARN_UNUSED_FUNCTION = YES;
				GCC_WARN_UNUSED_VARIABLE = YES;
				IPHONEOS_DEPLOYMENT_TARGET = 16.0;
				MTL_ENABLE_DEBUG_INFO = INCLUDE_SOURCE;
				MTL_FAST_MATH = YES;
				ONLY_ACTIVE_ARCH = YES;
				SDKROOT = iphoneos;
				SWIFT_ACTIVE_COMPILATION_CONDITIONS = DEBUG;
				SWIFT_OPTIMIZATION_LEVEL = "-Onone";
			};
			name = Debug;
		};
		C488891728FF872E00E70702 /* Release */ = {
			isa = XCBuildConfiguration;
			buildSettings = {
				ALWAYS_SEARCH_USER_PATHS = NO;
				CLANG_ANALYZER_NONNULL = YES;
				CLANG_ANALYZER_NUMBER_OBJECT_CONVERSION = YES_AGGRESSIVE;
				CLANG_CXX_LANGUAGE_STANDARD = "gnu++20";
				CLANG_ENABLE_MODULES = YES;
				CLANG_ENABLE_OBJC_ARC = YES;
				CLANG_ENABLE_OBJC_WEAK = YES;
				CLANG_WARN_BLOCK_CAPTURE_AUTORELEASING = YES;
				CLANG_WARN_BOOL_CONVERSION = YES;
				CLANG_WARN_COMMA = YES;
				CLANG_WARN_CONSTANT_CONVERSION = YES;
				CLANG_WARN_DEPRECATED_OBJC_IMPLEMENTATIONS = YES;
				CLANG_WARN_DIRECT_OBJC_ISA_USAGE = YES_ERROR;
				CLANG_WARN_DOCUMENTATION_COMMENTS = YES;
				CLANG_WARN_EMPTY_BODY = YES;
				CLANG_WARN_ENUM_CONVERSION = YES;
				CLANG_WARN_INFINITE_RECURSION = YES;
				CLANG_WARN_INT_CONVERSION = YES;
				CLANG_WARN_NON_LITERAL_NULL_CONVERSION = YES;
				CLANG_WARN_OBJC_IMPLICIT_RETAIN_SELF = YES;
				CLANG_WARN_OBJC_LITERAL_CONVERSION = YES;
				CLANG_WARN_OBJC_ROOT_CLASS = YES_ERROR;
				CLANG_WARN_QUOTED_INCLUDE_IN_FRAMEWORK_HEADER = YES;
				CLANG_WARN_RANGE_LOOP_ANALYSIS = YES;
				CLANG_WARN_STRICT_PROTOTYPES = YES;
				CLANG_WARN_SUSPICIOUS_MOVE = YES;
				CLANG_WARN_UNGUARDED_AVAILABILITY = YES_AGGRESSIVE;
				CLANG_WARN_UNREACHABLE_CODE = YES;
				CLANG_WARN__DUPLICATE_METHOD_MATCH = YES;
				COPY_PHASE_STRIP = NO;
				DEBUG_INFORMATION_FORMAT = "dwarf-with-dsym";
				ENABLE_NS_ASSERTIONS = NO;
				ENABLE_STRICT_OBJC_MSGSEND = YES;
				GCC_C_LANGUAGE_STANDARD = gnu11;
				GCC_NO_COMMON_BLOCKS = YES;
				GCC_WARN_64_TO_32_BIT_CONVERSION = YES;
				GCC_WARN_ABOUT_RETURN_TYPE = YES_ERROR;
				GCC_WARN_UNDECLARED_SELECTOR = YES;
				GCC_WARN_UNINITIALIZED_AUTOS = YES_AGGRESSIVE;
				GCC_WARN_UNUSED_FUNCTION = YES;
				GCC_WARN_UNUSED_VARIABLE = YES;
				IPHONEOS_DEPLOYMENT_TARGET = 16.0;
				MTL_ENABLE_DEBUG_INFO = NO;
				MTL_FAST_MATH = YES;
				SDKROOT = iphoneos;
				SWIFT_COMPILATION_MODE = wholemodule;
				SWIFT_OPTIMIZATION_LEVEL = "-O";
				VALIDATE_PRODUCT = YES;
			};
			name = Release;
		};
		C488891928FF872E00E70702 /* Debug */ = {
			isa = XCBuildConfiguration;
			buildSettings = {
				ASSETCATALOG_COMPILER_APPICON_NAME = AppIcon;
				ASSETCATALOG_COMPILER_GLOBAL_ACCENT_COLOR_NAME = AccentColor;
				CODE_SIGN_STYLE = Automatic;
				CURRENT_PROJECT_VERSION = 1;
				GENERATE_INFOPLIST_FILE = YES;
				INFOPLIST_FILE = DesafioTransicaoDeDadosEntreTelas2/Info.plist;
				INFOPLIST_KEY_UIApplicationSupportsIndirectInputEvents = YES;
				INFOPLIST_KEY_UILaunchStoryboardName = LaunchScreen;
				INFOPLIST_KEY_UIMainStoryboardFile = Main;
				INFOPLIST_KEY_UISupportedInterfaceOrientations_iPad = "UIInterfaceOrientationPortrait UIInterfaceOrientationPortraitUpsideDown UIInterfaceOrientationLandscapeLeft UIInterfaceOrientationLandscapeRight";
				INFOPLIST_KEY_UISupportedInterfaceOrientations_iPhone = "UIInterfaceOrientationPortrait UIInterfaceOrientationLandscapeLeft UIInterfaceOrientationLandscapeRight";
				LD_RUNPATH_SEARCH_PATHS = (
					"$(inherited)",
					"@executable_path/Frameworks",
				);
				MARKETING_VERSION = 1.0;
				PRODUCT_BUNDLE_IDENTIFIER = com.DesafioTransicaoDeDadosEntreTelas2;
				PRODUCT_NAME = "$(TARGET_NAME)";
				SWIFT_EMIT_LOC_STRINGS = YES;
				SWIFT_VERSION = 5.0;
				TARGETED_DEVICE_FAMILY = "1,2";
			};
			name = Debug;
		};
		C488891A28FF872E00E70702 /* Release */ = {
			isa = XCBuildConfiguration;
			buildSettings = {
				ASSETCATALOG_COMPILER_APPICON_NAME = AppIcon;
				ASSETCATALOG_COMPILER_GLOBAL_ACCENT_COLOR_NAME = AccentColor;
				CODE_SIGN_STYLE = Automatic;
				CURRENT_PROJECT_VERSION = 1;
				GENERATE_INFOPLIST_FILE = YES;
				INFOPLIST_FILE = DesafioTransicaoDeDadosEntreTelas2/Info.plist;
				INFOPLIST_KEY_UIApplicationSupportsIndirectInputEvents = YES;
				INFOPLIST_KEY_UILaunchStoryboardName = LaunchScreen;
				INFOPLIST_KEY_UIMainStoryboardFile = Main;
				INFOPLIST_KEY_UISupportedInterfaceOrientations_iPad = "UIInterfaceOrientationPortrait UIInterfaceOrientationPortraitUpsideDown UIInterfaceOrientationLandscapeLeft UIInterfaceOrientationLandscapeRight";
				INFOPLIST_KEY_UISupportedInterfaceOrientations_iPhone = "UIInterfaceOrientationPortrait UIInterfaceOrientationLandscapeLeft UIInterfaceOrientationLandscapeRight";
				LD_RUNPATH_SEARCH_PATHS = (
					"$(inherited)",
					"@executable_path/Frameworks",
				);
				MARKETING_VERSION = 1.0;
				PRODUCT_BUNDLE_IDENTIFIER = com.DesafioTransicaoDeDadosEntreTelas2;
				PRODUCT_NAME = "$(TARGET_NAME)";
				SWIFT_EMIT_LOC_STRINGS = YES;
				SWIFT_VERSION = 5.0;
				TARGETED_DEVICE_FAMILY = "1,2";
			};
			name = Release;
		};
/* End XCBuildConfiguration section */

/* Begin XCConfigurationList section */
		C48888FF28FF872E00E70702 /* Build configuration list for PBXProject "DesafioTransicaoDeDadosEntreTelas2" */ = {
			isa = XCConfigurationList;
			buildConfigurations = (
				C488891628FF872E00E70702 /* Debug */,
				C488891728FF872E00E70702 /* Release */,
			);
			defaultConfigurationIsVisible = 0;
			defaultConfigurationName = Release;
		};
		C488891828FF872E00E70702 /* Build configuration list for PBXNativeTarget "DesafioTransicaoDeDadosEntreTelas2" */ = {
			isa = XCConfigurationList;
			buildConfigurations = (
				C488891928FF872E00E70702 /* Debug */,
				C488891A28FF872E00E70702 /* Release */,
			);
			defaultConfigurationIsVisible = 0;
			defaultConfigurationName = Release;
		};
/* End XCConfigurationList section */
	};
	rootObject = C48888FC28FF872E00E70702 /* Project object */;
}
